
Microsoft Visual Studio Solution File, Format Version 12.00
# Visual Studio Version 17
VisualStudioVersion = 17.5.33502.453
MinimumVisualStudioVersion = 10.0.40219.1
Project("{FAE04EC0-301F-11D3-BF4B-00C04F79EFBC}") = "Zadanie", "Zadanie.csproj", "{E5183DE8-3335-4066-9493-7F8D1372B199}"
EndProject
Global
	GlobalSection(SolutionConfigurationPlatforms) = preSolution
		Debug|Any CPU = Debug|Any CPU
		Release|Any CPU = Release|Any CPU
	EndGlobalSection
	GlobalSection(ProjectConfigurationPlatforms) = postSolution
		{E5183DE8-3335-4066-9493-7F8D1372B199}.Debug|Any CPU.ActiveCfg = Debug|Any CPU
		{E5183DE8-3335-4066-9493-7F8D1372B199}.Debug|Any CPU.Build.0 = Debug|Any CPU
		{E5183DE8-3335-4066-9493-7F8D1372B199}.Release|Any CPU.ActiveCfg = Release|Any CPU
		{E5183DE8-3335-4066-9493-7F8D1372B199}.Release|Any CPU.Build.0 = Release|Any CPU
	EndGlobalSection
	GlobalSection(SolutionProperties) = preSolution
		HideSolutionNode = FALSE
	EndGlobalSection
	GlobalSection(ExtensibilityGlobals) = postSolution
		SolutionGuid = {9D782E32-2DD4-4C15-883A-11D4ED054DAD}
	EndGlobalSection
EndGlobal
